<Solution>
  <Folder Name="/src/">
    <Project Path="src/AgentContracts/AgentContracts.csproj" />
    <Project Path="src/AgentRuntime.Microsoft/AgentRuntime.Microsoft.csproj" />
    <Project Path="src/DomainSchemas/DomainSchemas.csproj" />
    <Project Path="src/ModuleContracts/ModuleContracts.csproj" />
    <Project Path="src/PlatformCore/PlatformCore.csproj" />
    <Project Path="src/QualityGate/QualityGate.csproj" />
    <Project Path="src/SkillContracts/SkillContracts.csproj" />
    <Project Path="src/WorkerContracts/WorkerContracts.csproj" />
  </Folder>
  <Folder Name="/src/Interfaces/">
    <Project Path="src/Interfaces/AgentGatewayHost/AgentGatewayHost.csproj" />
    <Project Path="src/Interfaces/ApiHost/ApiHost.csproj" />
    <Project Path="src/Interfaces/CliHost/CliHost.csproj" />
  </Folder>
  <Folder Name="/src/Workers/" />
  <Folder Name="/src/Workers/AutoCAD/">
    <Project Path="src/Workers/AutoCAD/AutoCADWorker.csproj" />
  </Folder>
  <Folder Name="/src/Workers/SolidWorks/">
    <Project Path="src/Workers/SolidWorks/SolidWorksWorker.csproj" />
  </Folder>
  <Folder Name="/tests/">
    <Project Path="tests/PlatformSelfCheck.Tests/PlatformSelfCheck.Tests.csproj" />
  </Folder>
</Solution>
