
Microsoft Visual Studio Solution File, Format Version 12.00
# Visual Studio Version 17
VisualStudioVersion = 17.0.31903.59
MinimumVisualStudioVersion = 10.0.40219.1
Project("{2150E333-8FDC-42A3-9474-1A3956D46DE8}") = "tests", "tests", "{0AB3BF05-4346-4AA6-1389-037BE0695223}"
EndProject
Project("{FAE04EC0-301F-11D3-BF4B-00C04F79EFBC}") = "PlatformSelfCheck.Tests", "tests\PlatformSelfCheck.Tests\PlatformSelfCheck.Tests.csproj", "{2630644D-D666-468D-BB94-3E9EC6BF5A0B}"
EndProject
Project("{2150E333-8FDC-42A3-9474-1A3956D46DE8}") = "src", "src", "{827E0CD3-B72D-47B6-A68D-7590B98EB39B}"
EndProject
Project("{FAE04EC0-301F-11D3-BF4B-00C04F79EFBC}") = "AgentContracts", "src\AgentContracts\AgentContracts.csproj", "{623C4418-5B25-4210-A70E-85FC96CCFB0C}"
EndProject
Project("{FAE04EC0-301F-11D3-BF4B-00C04F79EFBC}") = "DomainSchemas", "src\DomainSchemas\DomainSchemas.csproj", "{DD339A4D-B036-428E-8638-39F51069CE2F}"
EndProject
Project("{FAE04EC0-301F-11D3-BF4B-00C04F79EFBC}") = "PlatformCore", "src\PlatformCore\PlatformCore.csproj", "{226A165D-FECB-4386-ADE7-87C4EEC728B7}"
EndProject
Project("{FAE04EC0-301F-11D3-BF4B-00C04F79EFBC}") = "ModuleContracts", "src\ModuleContracts\ModuleContracts.csproj", "{083C0C8F-50E3-4A8D-9DE3-0EF589B8A71E}"
EndProject
Project("{FAE04EC0-301F-11D3-BF4B-00C04F79EFBC}") = "SkillContracts", "src\SkillContracts\SkillContracts.csproj", "{703368D9-6E6D-4D0F-AC4A-272DDF1A6321}"
EndProject
Project("{FAE04EC0-301F-11D3-BF4B-00C04F79EFBC}") = "WorkerContracts", "src\WorkerContracts\WorkerContracts.csproj", "{2737A715-E926-4EF0-A37F-47C7788D0643}"
EndProject
Project("{FAE04EC0-301F-11D3-BF4B-00C04F79EFBC}") = "QualityGate", "src\QualityGate\QualityGate.csproj", "{8C2750DE-E511-4F86-919F-599F99C29BB7}"
EndProject
Project("{2150E333-8FDC-42A3-9474-1A3956D46DE8}") = "Interfaces", "Interfaces", "{63B3D61F-35CB-AE97-AD5F-A6200F8219CD}"
EndProject
Project("{FAE04EC0-301F-11D3-BF4B-00C04F79EFBC}") = "AgentGatewayHost", "src\Interfaces\AgentGatewayHost\AgentGatewayHost.csproj", "{E5C3C2B5-C282-4AD9-9365-25D3E6D068E5}"
EndProject
Project("{2150E333-8FDC-42A3-9474-1A3956D46DE8}") = "Workers", "Workers", "{FE5F7021-A3C9-35C7-FF50-8DA81625868E}"
EndProject
Project("{2150E333-8FDC-42A3-9474-1A3956D46DE8}") = "AutoCAD", "AutoCAD", "{B9BC9E6A-9B39-7AA0-9D77-55698A961A00}"
EndProject
Project("{FAE04EC0-301F-11D3-BF4B-00C04F79EFBC}") = "AutoCADWorker", "src\Workers\AutoCAD\AutoCADWorker.csproj", "{96B87814-D701-44FE-B67E-9E7E69120860}"
EndProject
Project("{2150E333-8FDC-42A3-9474-1A3956D46DE8}") = "SolidWorks", "SolidWorks", "{FD610950-30C8-9116-1A74-E0E0CC9B354D}"
EndProject
Project("{FAE04EC0-301F-11D3-BF4B-00C04F79EFBC}") = "SolidWorksWorker", "src\Workers\SolidWorks\SolidWorksWorker.csproj", "{FAEA1CA1-05F4-4AA0-AE5D-AD3E448D4992}"
EndProject
Project("{FAE04EC0-301F-11D3-BF4B-00C04F79EFBC}") = "AgentRuntime.Microsoft", "src\AgentRuntime.Microsoft\AgentRuntime.Microsoft.csproj", "{8F476872-6F52-47E1-85FC-14EE452192FC}"
EndProject
Project("{FAE04EC0-301F-11D3-BF4B-00C04F79EFBC}") = "Storage", "src\Storage\Storage.csproj", "{F4CD64B4-B6C2-4F78-B98A-1AB574067D44}"
EndProject
Project("{FAE04EC0-301F-11D3-BF4B-00C04F79EFBC}") = "CliHost", "src\Interfaces\CliHost\CliHost.csproj", "{FF7891EA-3001-4A4E-BAA1-63255F22C282}"
EndProject
Project("{FAE04EC0-301F-11D3-BF4B-00C04F79EFBC}") = "ApiHost", "src\Interfaces\ApiHost\ApiHost.csproj", "{81AB4EDE-A517-4252-A4E5-6C134F900AE6}"
EndProject
Project("{2150E333-8FDC-42A3-9474-1A3956D46DE8}") = "tools", "tools", "{07C2787E-EAC7-C090-1BA3-A61EC2A24D84}"
EndProject
Project("{FAE04EC0-301F-11D3-BF4B-00C04F79EFBC}") = "SolidWorksSmokeRunner", "tools\SolidWorksSmokeRunner\SolidWorksSmokeRunner.csproj", "{1F9CFF08-079C-4AE4-A3DE-D52D308404EA}"
EndProject
Project("{FAE04EC0-301F-11D3-BF4B-00C04F79EFBC}") = "SolidWorksDrawingSmokeRunner", "tools\SolidWorksDrawingSmokeRunner\SolidWorksDrawingSmokeRunner.csproj", "{42142BE0-021D-4780-8021-52DF3A88AFCB}"
EndProject
Project("{FAE04EC0-301F-11D3-BF4B-00C04F79EFBC}") = "SolidWorksDrawingDimensionSmokeRunner", "tools\SolidWorksDrawingDimensionSmokeRunner\SolidWorksDrawingDimensionSmokeRunner.csproj", "{26A52E56-BB20-4C4C-8B74-D35E7DF1398D}"
EndProject
Project("{FAE04EC0-301F-11D3-BF4B-00C04F79EFBC}") = "SolidWorksDrawingTitleBlockSmokeRunner", "tools\SolidWorksDrawingTitleBlockSmokeRunner\SolidWorksDrawingTitleBlockSmokeRunner.csproj", "{936982BC-8587-4567-9C84-05CDD0C0116D}"
EndProject
Project("{FAE04EC0-301F-11D3-BF4B-00C04F79EFBC}") = "SolidWorksPartFamilySmokeRunner", "tools\SolidWorksPartFamilySmokeRunner\SolidWorksPartFamilySmokeRunner.csproj", "{B9FFAD13-A990-4EEC-99A7-CC0335C33D05}"
EndProject
Global
	GlobalSection(SolutionConfigurationPlatforms) = preSolution
		Debug|Any CPU = Debug|Any CPU
		Debug|x64 = Debug|x64
		Debug|x86 = Debug|x86
		Release|Any CPU = Release|Any CPU
		Release|x64 = Release|x64
		Release|x86 = Release|x86
	EndGlobalSection
	GlobalSection(ProjectConfigurationPlatforms) = postSolution
		{2630644D-D666-468D-BB94-3E9EC6BF5A0B}.Debug|Any CPU.ActiveCfg = Debug|Any CPU
		{2630644D-D666-468D-BB94-3E9EC6BF5A0B}.Debug|Any CPU.Build.0 = Debug|Any CPU
		{2630644D-D666-468D-BB94-3E9EC6BF5A0B}.Debug|x64.ActiveCfg = Debug|Any CPU
		{2630644D-D666-468D-BB94-3E9EC6BF5A0B}.Debug|x64.Build.0 = Debug|Any CPU
		{2630644D-D666-468D-BB94-3E9EC6BF5A0B}.Debug|x86.ActiveCfg = Debug|Any CPU
		{2630644D-D666-468D-BB94-3E9EC6BF5A0B}.Debug|x86.Build.0 = Debug|Any CPU
		{2630644D-D666-468D-BB94-3E9EC6BF5A0B}.Release|Any CPU.ActiveCfg = Release|Any CPU
		{2630644D-D666-468D-BB94-3E9EC6BF5A0B}.Release|Any CPU.Build.0 = Release|Any CPU
		{2630644D-D666-468D-BB94-3E9EC6BF5A0B}.Release|x64.ActiveCfg = Release|Any CPU
		{2630644D-D666-468D-BB94-3E9EC6BF5A0B}.Release|x64.Build.0 = Release|Any CPU
		{2630644D-D666-468D-BB94-3E9EC6BF5A0B}.Release|x86.ActiveCfg = Release|Any CPU
		{2630644D-D666-468D-BB94-3E9EC6BF5A0B}.Release|x86.Build.0 = Release|Any CPU
		{623C4418-5B25-4210-A70E-85FC96CCFB0C}.Debug|Any CPU.ActiveCfg = Debug|Any CPU
		{623C4418-5B25-4210-A70E-85FC96CCFB0C}.Debug|Any CPU.Build.0 = Debug|Any CPU
		{623C4418-5B25-4210-A70E-85FC96CCFB0C}.Debug|x64.ActiveCfg = Debug|Any CPU
		{623C4418-5B25-4210-A70E-85FC96CCFB0C}.Debug|x64.Build.0 = Debug|Any CPU
		{623C4418-5B25-4210-A70E-85FC96CCFB0C}.Debug|x86.ActiveCfg = Debug|Any CPU
		{623C4418-5B25-4210-A70E-85FC96CCFB0C}.Debug|x86.Build.0 = Debug|Any CPU
		{623C4418-5B25-4210-A70E-85FC96CCFB0C}.Release|Any CPU.ActiveCfg = Release|Any CPU
		{623C4418-5B25-4210-A70E-85FC96CCFB0C}.Release|Any CPU.Build.0 = Release|Any CPU
		{623C4418-5B25-4210-A70E-85FC96CCFB0C}.Release|x64.ActiveCfg = Release|Any CPU
		{623C4418-5B25-4210-A70E-85FC96CCFB0C}.Release|x64.Build.0 = Release|Any CPU
		{623C4418-5B25-4210-A70E-85FC96CCFB0C}.Release|x86.ActiveCfg = Release|Any CPU
		{623C4418-5B25-4210-A70E-85FC96CCFB0C}.Release|x86.Build.0 = Release|Any CPU
		{DD339A4D-B036-428E-8638-39F51069CE2F}.Debug|Any CPU.ActiveCfg = Debug|Any CPU
		{DD339A4D-B036-428E-8638-39F51069CE2F}.Debug|Any CPU.Build.0 = Debug|Any CPU
		{DD339A4D-B036-428E-8638-39F51069CE2F}.Debug|x64.ActiveCfg = Debug|Any CPU
		{DD339A4D-B036-428E-8638-39F51069CE2F}.Debug|x64.Build.0 = Debug|Any CPU
		{DD339A4D-B036-428E-8638-39F51069CE2F}.Debug|x86.ActiveCfg = Debug|Any CPU
		{DD339A4D-B036-428E-8638-39F51069CE2F}.Debug|x86.Build.0 = Debug|Any CPU
		{DD339A4D-B036-428E-8638-39F51069CE2F}.Release|Any CPU.ActiveCfg = Release|Any CPU
		{DD339A4D-B036-428E-8638-39F51069CE2F}.Release|Any CPU.Build.0 = Release|Any CPU
		{DD339A4D-B036-428E-8638-39F51069CE2F}.Release|x64.ActiveCfg = Release|Any CPU
		{DD339A4D-B036-428E-8638-39F51069CE2F}.Release|x64.Build.0 = Release|Any CPU
		{DD339A4D-B036-428E-8638-39F51069CE2F}.Release|x86.ActiveCfg = Release|Any CPU
		{DD339A4D-B036-428E-8638-39F51069CE2F}.Release|x86.Build.0 = Release|Any CPU
		{226A165D-FECB-4386-ADE7-87C4EEC728B7}.Debug|Any CPU.ActiveCfg = Debug|Any CPU
		{226A165D-FECB-4386-ADE7-87C4EEC728B7}.Debug|Any CPU.Build.0 = Debug|Any CPU
		{226A165D-FECB-4386-ADE7-87C4EEC728B7}.Debug|x64.ActiveCfg = Debug|Any CPU
		{226A165D-FECB-4386-ADE7-87C4EEC728B7}.Debug|x64.Build.0 = Debug|Any CPU
		{226A165D-FECB-4386-ADE7-87C4EEC728B7}.Debug|x86.ActiveCfg = Debug|Any CPU
		{226A165D-FECB-4386-ADE7-87C4EEC728B7}.Debug|x86.Build.0 = Debug|Any CPU
		{226A165D-FECB-4386-ADE7-87C4EEC728B7}.Release|Any CPU.ActiveCfg = Release|Any CPU
		{226A165D-FECB-4386-ADE7-87C4EEC728B7}.Release|Any CPU.Build.0 = Release|Any CPU
		{226A165D-FECB-4386-ADE7-87C4EEC728B7}.Release|x64.ActiveCfg = Release|Any CPU
		{226A165D-FECB-4386-ADE7-87C4EEC728B7}.Release|x64.Build.0 = Release|Any CPU
		{226A165D-FECB-4386-ADE7-87C4EEC728B7}.Release|x86.ActiveCfg = Release|Any CPU
		{226A165D-FECB-4386-ADE7-87C4EEC728B7}.Release|x86.Build.0 = Release|Any CPU
		{083C0C8F-50E3-4A8D-9DE3-0EF589B8A71E}.Debug|Any CPU.ActiveCfg = Debug|Any CPU
		{083C0C8F-50E3-4A8D-9DE3-0EF589B8A71E}.Debug|Any CPU.Build.0 = Debug|Any CPU
		{083C0C8F-50E3-4A8D-9DE3-0EF589B8A71E}.Debug|x64.ActiveCfg = Debug|Any CPU
		{083C0C8F-50E3-4A8D-9DE3-0EF589B8A71E}.Debug|x64.Build.0 = Debug|Any CPU
		{083C0C8F-50E3-4A8D-9DE3-0EF589B8A71E}.Debug|x86.ActiveCfg = Debug|Any CPU
		{083C0C8F-50E3-4A8D-9DE3-0EF589B8A71E}.Debug|x86.Build.0 = Debug|Any CPU
		{083C0C8F-50E3-4A8D-9DE3-0EF589B8A71E}.Release|Any CPU.ActiveCfg = Release|Any CPU
		{083C0C8F-50E3-4A8D-9DE3-0EF589B8A71E}.Release|Any CPU.Build.0 = Release|Any CPU
		{083C0C8F-50E3-4A8D-9DE3-0EF589B8A71E}.Release|x64.ActiveCfg = Release|Any CPU
		{083C0C8F-50E3-4A8D-9DE3-0EF589B8A71E}.Release|x64.Build.0 = Release|Any CPU
		{083C0C8F-50E3-4A8D-9DE3-0EF589B8A71E}.Release|x86.ActiveCfg = Release|Any CPU
		{083C0C8F-50E3-4A8D-9DE3-0EF589B8A71E}.Release|x86.Build.0 = Release|Any CPU
		{703368D9-6E6D-4D0F-AC4A-272DDF1A6321}.Debug|Any CPU.ActiveCfg = Debug|Any CPU
		{703368D9-6E6D-4D0F-AC4A-272DDF1A6321}.Debug|Any CPU.Build.0 = Debug|Any CPU
		{703368D9-6E6D-4D0F-AC4A-272DDF1A6321}.Debug|x64.ActiveCfg = Debug|Any CPU
		{703368D9-6E6D-4D0F-AC4A-272DDF1A6321}.Debug|x64.Build.0 = Debug|Any CPU
		{703368D9-6E6D-4D0F-AC4A-272DDF1A6321}.Debug|x86.ActiveCfg = Debug|Any CPU
		{703368D9-6E6D-4D0F-AC4A-272DDF1A6321}.Debug|x86.Build.0 = Debug|Any CPU
		{703368D9-6E6D-4D0F-AC4A-272DDF1A6321}.Release|Any CPU.ActiveCfg = Release|Any CPU
		{703368D9-6E6D-4D0F-AC4A-272DDF1A6321}.Release|Any CPU.Build.0 = Release|Any CPU
		{703368D9-6E6D-4D0F-AC4A-272DDF1A6321}.Release|x64.ActiveCfg = Release|Any CPU
		{703368D9-6E6D-4D0F-AC4A-272DDF1A6321}.Release|x64.Build.0 = Release|Any CPU
		{703368D9-6E6D-4D0F-AC4A-272DDF1A6321}.Release|x86.ActiveCfg = Release|Any CPU
		{703368D9-6E6D-4D0F-AC4A-272DDF1A6321}.Release|x86.Build.0 = Release|Any CPU
		{2737A715-E926-4EF0-A37F-47C7788D0643}.Debug|Any CPU.ActiveCfg = Debug|Any CPU
		{2737A715-E926-4EF0-A37F-47C7788D0643}.Debug|Any CPU.Build.0 = Debug|Any CPU
		{2737A715-E926-4EF0-A37F-47C7788D0643}.Debug|x64.ActiveCfg = Debug|Any CPU
		{2737A715-E926-4EF0-A37F-47C7788D0643}.Debug|x64.Build.0 = Debug|Any CPU
		{2737A715-E926-4EF0-A37F-47C7788D0643}.Debug|x86.ActiveCfg = Debug|Any CPU
		{2737A715-E926-4EF0-A37F-47C7788D0643}.Debug|x86.Build.0 = Debug|Any CPU
		{2737A715-E926-4EF0-A37F-47C7788D0643}.Release|Any CPU.ActiveCfg = Release|Any CPU
		{2737A715-E926-4EF0-A37F-47C7788D0643}.Release|Any CPU.Build.0 = Release|Any CPU
		{2737A715-E926-4EF0-A37F-47C7788D0643}.Release|x64.ActiveCfg = Release|Any CPU
		{2737A715-E926-4EF0-A37F-47C7788D0643}.Release|x64.Build.0 = Release|Any CPU
		{2737A715-E926-4EF0-A37F-47C7788D0643}.Release|x86.ActiveCfg = Release|Any CPU
		{2737A715-E926-4EF0-A37F-47C7788D0643}.Release|x86.Build.0 = Release|Any CPU
		{8C2750DE-E511-4F86-919F-599F99C29BB7}.Debug|Any CPU.ActiveCfg = Debug|Any CPU
		{8C2750DE-E511-4F86-919F-599F99C29BB7}.Debug|Any CPU.Build.0 = Debug|Any CPU
		{8C2750DE-E511-4F86-919F-599F99C29BB7}.Debug|x64.ActiveCfg = Debug|Any CPU
		{8C2750DE-E511-4F86-919F-599F99C29BB7}.Debug|x64.Build.0 = Debug|Any CPU
		{8C2750DE-E511-4F86-919F-599F99C29BB7}.Debug|x86.ActiveCfg = Debug|Any CPU
		{8C2750DE-E511-4F86-919F-599F99C29BB7}.Debug|x86.Build.0 = Debug|Any CPU
		{8C2750DE-E511-4F86-919F-599F99C29BB7}.Release|Any CPU.ActiveCfg = Release|Any CPU
		{8C2750DE-E511-4F86-919F-599F99C29BB7}.Release|Any CPU.Build.0 = Release|Any CPU
		{8C2750DE-E511-4F86-919F-599F99C29BB7}.Release|x64.ActiveCfg = Release|Any CPU
		{8C2750DE-E511-4F86-919F-599F99C29BB7}.Release|x64.Build.0 = Release|Any CPU
		{8C2750DE-E511-4F86-919F-599F99C29BB7}.Release|x86.ActiveCfg = Release|Any CPU
		{8C2750DE-E511-4F86-919F-599F99C29BB7}.Release|x86.Build.0 = Release|Any CPU
		{E5C3C2B5-C282-4AD9-9365-25D3E6D068E5}.Debug|Any CPU.ActiveCfg = Debug|Any CPU
		{E5C3C2B5-C282-4AD9-9365-25D3E6D068E5}.Debug|Any CPU.Build.0 = Debug|Any CPU
		{E5C3C2B5-C282-4AD9-9365-25D3E6D068E5}.Debug|x64.ActiveCfg = Debug|Any CPU
		{E5C3C2B5-C282-4AD9-9365-25D3E6D068E5}.Debug|x64.Build.0 = Debug|Any CPU
		{E5C3C2B5-C282-4AD9-9365-25D3E6D068E5}.Debug|x86.ActiveCfg = Debug|Any CPU
		{E5C3C2B5-C282-4AD9-9365-25D3E6D068E5}.Debug|x86.Build.0 = Debug|Any CPU
		{E5C3C2B5-C282-4AD9-9365-25D3E6D068E5}.Release|Any CPU.ActiveCfg = Release|Any CPU
		{E5C3C2B5-C282-4AD9-9365-25D3E6D068E5}.Release|Any CPU.Build.0 = Release|Any CPU
		{E5C3C2B5-C282-4AD9-9365-25D3E6D068E5}.Release|x64.ActiveCfg = Release|Any CPU
		{E5C3C2B5-C282-4AD9-9365-25D3E6D068E5}.Release|x64.Build.0 = Release|Any CPU
		{E5C3C2B5-C282-4AD9-9365-25D3E6D068E5}.Release|x86.ActiveCfg = Release|Any CPU
		{E5C3C2B5-C282-4AD9-9365-25D3E6D068E5}.Release|x86.Build.0 = Release|Any CPU
		{96B87814-D701-44FE-B67E-9E7E69120860}.Debug|Any CPU.ActiveCfg = Debug|Any CPU
		{96B87814-D701-44FE-B67E-9E7E69120860}.Debug|Any CPU.Build.0 = Debug|Any CPU
		{96B87814-D701-44FE-B67E-9E7E69120860}.Debug|x64.ActiveCfg = Debug|Any CPU
		{96B87814-D701-44FE-B67E-9E7E69120860}.Debug|x64.Build.0 = Debug|Any CPU
		{96B87814-D701-44FE-B67E-9E7E69120860}.Debug|x86.ActiveCfg = Debug|Any CPU
		{96B87814-D701-44FE-B67E-9E7E69120860}.Debug|x86.Build.0 = Debug|Any CPU
		{96B87814-D701-44FE-B67E-9E7E69120860}.Release|Any CPU.ActiveCfg = Release|Any CPU
		{96B87814-D701-44FE-B67E-9E7E69120860}.Release|Any CPU.Build.0 = Release|Any CPU
		{96B87814-D701-44FE-B67E-9E7E69120860}.Release|x64.ActiveCfg = Release|Any CPU
		{96B87814-D701-44FE-B67E-9E7E69120860}.Release|x64.Build.0 = Release|Any CPU
		{96B87814-D701-44FE-B67E-9E7E69120860}.Release|x86.ActiveCfg = Release|Any CPU
		{96B87814-D701-44FE-B67E-9E7E69120860}.Release|x86.Build.0 = Release|Any CPU
		{FAEA1CA1-05F4-4AA0-AE5D-AD3E448D4992}.Debug|Any CPU.ActiveCfg = Debug|Any CPU
		{FAEA1CA1-05F4-4AA0-AE5D-AD3E448D4992}.Debug|Any CPU.Build.0 = Debug|Any CPU
		{FAEA1CA1-05F4-4AA0-AE5D-AD3E448D4992}.Debug|x64.ActiveCfg = Debug|Any CPU
		{FAEA1CA1-05F4-4AA0-AE5D-AD3E448D4992}.Debug|x64.Build.0 = Debug|Any CPU
		{FAEA1CA1-05F4-4AA0-AE5D-AD3E448D4992}.Debug|x86.ActiveCfg = Debug|Any CPU
		{FAEA1CA1-05F4-4AA0-AE5D-AD3E448D4992}.Debug|x86.Build.0 = Debug|Any CPU
		{FAEA1CA1-05F4-4AA0-AE5D-AD3E448D4992}.Release|Any CPU.ActiveCfg = Release|Any CPU
		{FAEA1CA1-05F4-4AA0-AE5D-AD3E448D4992}.Release|Any CPU.Build.0 = Release|Any CPU
		{FAEA1CA1-05F4-4AA0-AE5D-AD3E448D4992}.Release|x64.ActiveCfg = Release|Any CPU
		{FAEA1CA1-05F4-4AA0-AE5D-AD3E448D4992}.Release|x64.Build.0 = Release|Any CPU
		{FAEA1CA1-05F4-4AA0-AE5D-AD3E448D4992}.Release|x86.ActiveCfg = Release|Any CPU
		{FAEA1CA1-05F4-4AA0-AE5D-AD3E448D4992}.Release|x86.Build.0 = Release|Any CPU
		{8F476872-6F52-47E1-85FC-14EE452192FC}.Debug|Any CPU.ActiveCfg = Debug|Any CPU
		{8F476872-6F52-47E1-85FC-14EE452192FC}.Debug|Any CPU.Build.0 = Debug|Any CPU
		{8F476872-6F52-47E1-85FC-14EE452192FC}.Debug|x64.ActiveCfg = Debug|Any CPU
		{8F476872-6F52-47E1-85FC-14EE452192FC}.Debug|x64.Build.0 = Debug|Any CPU
		{8F476872-6F52-47E1-85FC-14EE452192FC}.Debug|x86.ActiveCfg = Debug|Any CPU
		{8F476872-6F52-47E1-85FC-14EE452192FC}.Debug|x86.Build.0 = Debug|Any CPU
		{8F476872-6F52-47E1-85FC-14EE452192FC}.Release|Any CPU.ActiveCfg = Release|Any CPU
		{8F476872-6F52-47E1-85FC-14EE452192FC}.Release|Any CPU.Build.0 = Release|Any CPU
		{8F476872-6F52-47E1-85FC-14EE452192FC}.Release|x64.ActiveCfg = Release|Any CPU
		{8F476872-6F52-47E1-85FC-14EE452192FC}.Release|x64.Build.0 = Release|Any CPU
		{8F476872-6F52-47E1-85FC-14EE452192FC}.Release|x86.ActiveCfg = Release|Any CPU
		{8F476872-6F52-47E1-85FC-14EE452192FC}.Release|x86.Build.0 = Release|Any CPU
		{F4CD64B4-B6C2-4F78-B98A-1AB574067D44}.Debug|Any CPU.ActiveCfg = Debug|Any CPU
		{F4CD64B4-B6C2-4F78-B98A-1AB574067D44}.Debug|Any CPU.Build.0 = Debug|Any CPU
		{F4CD64B4-B6C2-4F78-B98A-1AB574067D44}.Debug|x64.ActiveCfg = Debug|Any CPU
		{F4CD64B4-B6C2-4F78-B98A-1AB574067D44}.Debug|x64.Build.0 = Debug|Any CPU
		{F4CD64B4-B6C2-4F78-B98A-1AB574067D44}.Debug|x86.ActiveCfg = Debug|Any CPU
		{F4CD64B4-B6C2-4F78-B98A-1AB574067D44}.Debug|x86.Build.0 = Debug|Any CPU
		{F4CD64B4-B6C2-4F78-B98A-1AB574067D44}.Release|Any CPU.ActiveCfg = Release|Any CPU
		{F4CD64B4-B6C2-4F78-B98A-1AB574067D44}.Release|Any CPU.Build.0 = Release|Any CPU
		{F4CD64B4-B6C2-4F78-B98A-1AB574067D44}.Release|x64.ActiveCfg = Release|Any CPU
		{F4CD64B4-B6C2-4F78-B98A-1AB574067D44}.Release|x64.Build.0 = Release|Any CPU
		{F4CD64B4-B6C2-4F78-B98A-1AB574067D44}.Release|x86.ActiveCfg = Release|Any CPU
		{F4CD64B4-B6C2-4F78-B98A-1AB574067D44}.Release|x86.Build.0 = Release|Any CPU
		{FF7891EA-3001-4A4E-BAA1-63255F22C282}.Debug|Any CPU.ActiveCfg = Debug|Any CPU
		{FF7891EA-3001-4A4E-BAA1-63255F22C282}.Debug|Any CPU.Build.0 = Debug|Any CPU
		{FF7891EA-3001-4A4E-BAA1-63255F22C282}.Debug|x64.ActiveCfg = Debug|Any CPU
		{FF7891EA-3001-4A4E-BAA1-63255F22C282}.Debug|x64.Build.0 = Debug|Any CPU
		{FF7891EA-3001-4A4E-BAA1-63255F22C282}.Debug|x86.ActiveCfg = Debug|Any CPU
		{FF7891EA-3001-4A4E-BAA1-63255F22C282}.Debug|x86.Build.0 = Debug|Any CPU
		{FF7891EA-3001-4A4E-BAA1-63255F22C282}.Release|Any CPU.ActiveCfg = Release|Any CPU
		{FF7891EA-3001-4A4E-BAA1-63255F22C282}.Release|Any CPU.Build.0 = Release|Any CPU
		{FF7891EA-3001-4A4E-BAA1-63255F22C282}.Release|x64.ActiveCfg = Release|Any CPU
		{FF7891EA-3001-4A4E-BAA1-63255F22C282}.Release|x64.Build.0 = Release|Any CPU
		{FF7891EA-3001-4A4E-BAA1-63255F22C282}.Release|x86.ActiveCfg = Release|Any CPU
		{FF7891EA-3001-4A4E-BAA1-63255F22C282}.Release|x86.Build.0 = Release|Any CPU
		{81AB4EDE-A517-4252-A4E5-6C134F900AE6}.Debug|Any CPU.ActiveCfg = Debug|Any CPU
		{81AB4EDE-A517-4252-A4E5-6C134F900AE6}.Debug|Any CPU.Build.0 = Debug|Any CPU
		{81AB4EDE-A517-4252-A4E5-6C134F900AE6}.Debug|x64.ActiveCfg = Debug|Any CPU
		{81AB4EDE-A517-4252-A4E5-6C134F900AE6}.Debug|x64.Build.0 = Debug|Any CPU
		{81AB4EDE-A517-4252-A4E5-6C134F900AE6}.Debug|x86.ActiveCfg = Debug|Any CPU
		{81AB4EDE-A517-4252-A4E5-6C134F900AE6}.Debug|x86.Build.0 = Debug|Any CPU
		{81AB4EDE-A517-4252-A4E5-6C134F900AE6}.Release|Any CPU.ActiveCfg = Release|Any CPU
		{81AB4EDE-A517-4252-A4E5-6C134F900AE6}.Release|Any CPU.Build.0 = Release|Any CPU
		{81AB4EDE-A517-4252-A4E5-6C134F900AE6}.Release|x64.ActiveCfg = Release|Any CPU
		{81AB4EDE-A517-4252-A4E5-6C134F900AE6}.Release|x64.Build.0 = Release|Any CPU
		{81AB4EDE-A517-4252-A4E5-6C134F900AE6}.Release|x86.ActiveCfg = Release|Any CPU
		{81AB4EDE-A517-4252-A4E5-6C134F900AE6}.Release|x86.Build.0 = Release|Any CPU
		{1F9CFF08-079C-4AE4-A3DE-D52D308404EA}.Debug|Any CPU.ActiveCfg = Debug|Any CPU
		{1F9CFF08-079C-4AE4-A3DE-D52D308404EA}.Debug|Any CPU.Build.0 = Debug|Any CPU
		{1F9CFF08-079C-4AE4-A3DE-D52D308404EA}.Debug|x64.ActiveCfg = Debug|Any CPU
		{1F9CFF08-079C-4AE4-A3DE-D52D308404EA}.Debug|x64.Build.0 = Debug|Any CPU
		{1F9CFF08-079C-4AE4-A3DE-D52D308404EA}.Debug|x86.ActiveCfg = Debug|Any CPU
		{1F9CFF08-079C-4AE4-A3DE-D52D308404EA}.Debug|x86.Build.0 = Debug|Any CPU
		{1F9CFF08-079C-4AE4-A3DE-D52D308404EA}.Release|Any CPU.ActiveCfg = Release|Any CPU
		{1F9CFF08-079C-4AE4-A3DE-D52D308404EA}.Release|Any CPU.Build.0 = Release|Any CPU
		{1F9CFF08-079C-4AE4-A3DE-D52D308404EA}.Release|x64.ActiveCfg = Release|Any CPU
		{1F9CFF08-079C-4AE4-A3DE-D52D308404EA}.Release|x64.Build.0 = Release|Any CPU
		{1F9CFF08-079C-4AE4-A3DE-D52D308404EA}.Release|x86.ActiveCfg = Release|Any CPU
		{1F9CFF08-079C-4AE4-A3DE-D52D308404EA}.Release|x86.Build.0 = Release|Any CPU
		{42142BE0-021D-4780-8021-52DF3A88AFCB}.Debug|Any CPU.ActiveCfg = Debug|Any CPU
		{42142BE0-021D-4780-8021-52DF3A88AFCB}.Debug|Any CPU.Build.0 = Debug|Any CPU
		{42142BE0-021D-4780-8021-52DF3A88AFCB}.Debug|x64.ActiveCfg = Debug|Any CPU
		{42142BE0-021D-4780-8021-52DF3A88AFCB}.Debug|x64.Build.0 = Debug|Any CPU
		{42142BE0-021D-4780-8021-52DF3A88AFCB}.Debug|x86.ActiveCfg = Debug|Any CPU
		{42142BE0-021D-4780-8021-52DF3A88AFCB}.Debug|x86.Build.0 = Debug|Any CPU
		{42142BE0-021D-4780-8021-52DF3A88AFCB}.Release|Any CPU.ActiveCfg = Release|Any CPU
		{42142BE0-021D-4780-8021-52DF3A88AFCB}.Release|Any CPU.Build.0 = Release|Any CPU
		{42142BE0-021D-4780-8021-52DF3A88AFCB}.Release|x64.ActiveCfg = Release|Any CPU
		{42142BE0-021D-4780-8021-52DF3A88AFCB}.Release|x64.Build.0 = Release|Any CPU
		{42142BE0-021D-4780-8021-52DF3A88AFCB}.Release|x86.ActiveCfg = Release|Any CPU
		{42142BE0-021D-4780-8021-52DF3A88AFCB}.Release|x86.Build.0 = Release|Any CPU
		{26A52E56-BB20-4C4C-8B74-D35E7DF1398D}.Debug|Any CPU.ActiveCfg = Debug|Any CPU
		{26A52E56-BB20-4C4C-8B74-D35E7DF1398D}.Debug|Any CPU.Build.0 = Debug|Any CPU
		{26A52E56-BB20-4C4C-8B74-D35E7DF1398D}.Debug|x64.ActiveCfg = Debug|Any CPU
		{26A52E56-BB20-4C4C-8B74-D35E7DF1398D}.Debug|x64.Build.0 = Debug|Any CPU
		{26A52E56-BB20-4C4C-8B74-D35E7DF1398D}.Debug|x86.ActiveCfg = Debug|Any CPU
		{26A52E56-BB20-4C4C-8B74-D35E7DF1398D}.Debug|x86.Build.0 = Debug|Any CPU
		{26A52E56-BB20-4C4C-8B74-D35E7DF1398D}.Release|Any CPU.ActiveCfg = Release|Any CPU
		{26A52E56-BB20-4C4C-8B74-D35E7DF1398D}.Release|Any CPU.Build.0 = Release|Any CPU
		{26A52E56-BB20-4C4C-8B74-D35E7DF1398D}.Release|x64.ActiveCfg = Release|Any CPU
		{26A52E56-BB20-4C4C-8B74-D35E7DF1398D}.Release|x64.Build.0 = Release|Any CPU
		{26A52E56-BB20-4C4C-8B74-D35E7DF1398D}.Release|x86.ActiveCfg = Release|Any CPU
		{26A52E56-BB20-4C4C-8B74-D35E7DF1398D}.Release|x86.Build.0 = Release|Any CPU
		{936982BC-8587-4567-9C84-05CDD0C0116D}.Debug|Any CPU.ActiveCfg = Debug|Any CPU
		{936982BC-8587-4567-9C84-05CDD0C0116D}.Debug|Any CPU.Build.0 = Debug|Any CPU
		{936982BC-8587-4567-9C84-05CDD0C0116D}.Debug|x64.ActiveCfg = Debug|Any CPU
		{936982BC-8587-4567-9C84-05CDD0C0116D}.Debug|x64.Build.0 = Debug|Any CPU
		{936982BC-8587-4567-9C84-05CDD0C0116D}.Debug|x86.ActiveCfg = Debug|Any CPU
		{936982BC-8587-4567-9C84-05CDD0C0116D}.Debug|x86.Build.0 = Debug|Any CPU
		{936982BC-8587-4567-9C84-05CDD0C0116D}.Release|Any CPU.ActiveCfg = Release|Any CPU
		{936982BC-8587-4567-9C84-05CDD0C0116D}.Release|Any CPU.Build.0 = Release|Any CPU
		{936982BC-8587-4567-9C84-05CDD0C0116D}.Release|x64.ActiveCfg = Release|Any CPU
		{936982BC-8587-4567-9C84-05CDD0C0116D}.Release|x64.Build.0 = Release|Any CPU
		{936982BC-8587-4567-9C84-05CDD0C0116D}.Release|x86.ActiveCfg = Release|Any CPU
		{936982BC-8587-4567-9C84-05CDD0C0116D}.Release|x86.Build.0 = Release|Any CPU
		{B9FFAD13-A990-4EEC-99A7-CC0335C33D05}.Debug|Any CPU.ActiveCfg = Debug|Any CPU
		{B9FFAD13-A990-4EEC-99A7-CC0335C33D05}.Debug|Any CPU.Build.0 = Debug|Any CPU
		{B9FFAD13-A990-4EEC-99A7-CC0335C33D05}.Debug|x64.ActiveCfg = Debug|Any CPU
		{B9FFAD13-A990-4EEC-99A7-CC0335C33D05}.Debug|x64.Build.0 = Debug|Any CPU
		{B9FFAD13-A990-4EEC-99A7-CC0335C33D05}.Debug|x86.ActiveCfg = Debug|Any CPU
		{B9FFAD13-A990-4EEC-99A7-CC0335C33D05}.Debug|x86.Build.0 = Debug|Any CPU
		{B9FFAD13-A990-4EEC-99A7-CC0335C33D05}.Release|Any CPU.ActiveCfg = Release|Any CPU
		{B9FFAD13-A990-4EEC-99A7-CC0335C33D05}.Release|Any CPU.Build.0 = Release|Any CPU
		{B9FFAD13-A990-4EEC-99A7-CC0335C33D05}.Release|x64.ActiveCfg = Release|Any CPU
		{B9FFAD13-A990-4EEC-99A7-CC0335C33D05}.Release|x64.Build.0 = Release|Any CPU
		{B9FFAD13-A990-4EEC-99A7-CC0335C33D05}.Release|x86.ActiveCfg = Release|Any CPU
		{B9FFAD13-A990-4EEC-99A7-CC0335C33D05}.Release|x86.Build.0 = Release|Any CPU
	EndGlobalSection
	GlobalSection(SolutionProperties) = preSolution
		HideSolutionNode = FALSE
	EndGlobalSection
	GlobalSection(NestedProjects) = preSolution
		{2630644D-D666-468D-BB94-3E9EC6BF5A0B} = {0AB3BF05-4346-4AA6-1389-037BE0695223}
		{623C4418-5B25-4210-A70E-85FC96CCFB0C} = {827E0CD3-B72D-47B6-A68D-7590B98EB39B}
		{DD339A4D-B036-428E-8638-39F51069CE2F} = {827E0CD3-B72D-47B6-A68D-7590B98EB39B}
		{226A165D-FECB-4386-ADE7-87C4EEC728B7} = {827E0CD3-B72D-47B6-A68D-7590B98EB39B}
		{083C0C8F-50E3-4A8D-9DE3-0EF589B8A71E} = {827E0CD3-B72D-47B6-A68D-7590B98EB39B}
		{703368D9-6E6D-4D0F-AC4A-272DDF1A6321} = {827E0CD3-B72D-47B6-A68D-7590B98EB39B}
		{2737A715-E926-4EF0-A37F-47C7788D0643} = {827E0CD3-B72D-47B6-A68D-7590B98EB39B}
		{8C2750DE-E511-4F86-919F-599F99C29BB7} = {827E0CD3-B72D-47B6-A68D-7590B98EB39B}
		{63B3D61F-35CB-AE97-AD5F-A6200F8219CD} = {827E0CD3-B72D-47B6-A68D-7590B98EB39B}
		{E5C3C2B5-C282-4AD9-9365-25D3E6D068E5} = {63B3D61F-35CB-AE97-AD5F-A6200F8219CD}
		{FE5F7021-A3C9-35C7-FF50-8DA81625868E} = {827E0CD3-B72D-47B6-A68D-7590B98EB39B}
		{B9BC9E6A-9B39-7AA0-9D77-55698A961A00} = {FE5F7021-A3C9-35C7-FF50-8DA81625868E}
		{96B87814-D701-44FE-B67E-9E7E69120860} = {B9BC9E6A-9B39-7AA0-9D77-55698A961A00}
		{FD610950-30C8-9116-1A74-E0E0CC9B354D} = {FE5F7021-A3C9-35C7-FF50-8DA81625868E}
		{FAEA1CA1-05F4-4AA0-AE5D-AD3E448D4992} = {FD610950-30C8-9116-1A74-E0E0CC9B354D}
		{8F476872-6F52-47E1-85FC-14EE452192FC} = {827E0CD3-B72D-47B6-A68D-7590B98EB39B}
		{F4CD64B4-B6C2-4F78-B98A-1AB574067D44} = {827E0CD3-B72D-47B6-A68D-7590B98EB39B}
		{FF7891EA-3001-4A4E-BAA1-63255F22C282} = {63B3D61F-35CB-AE97-AD5F-A6200F8219CD}
		{81AB4EDE-A517-4252-A4E5-6C134F900AE6} = {63B3D61F-35CB-AE97-AD5F-A6200F8219CD}
		{1F9CFF08-079C-4AE4-A3DE-D52D308404EA} = {07C2787E-EAC7-C090-1BA3-A61EC2A24D84}
		{42142BE0-021D-4780-8021-52DF3A88AFCB} = {07C2787E-EAC7-C090-1BA3-A61EC2A24D84}
		{26A52E56-BB20-4C4C-8B74-D35E7DF1398D} = {07C2787E-EAC7-C090-1BA3-A61EC2A24D84}
		{936982BC-8587-4567-9C84-05CDD0C0116D} = {07C2787E-EAC7-C090-1BA3-A61EC2A24D84}
		{B9FFAD13-A990-4EEC-99A7-CC0335C33D05} = {07C2787E-EAC7-C090-1BA3-A61EC2A24D84}
	EndGlobalSection
EndGlobal
